
Microsoft Visual Studio Solution File, Format Version 12.00
# Visual Studio Version 16
VisualStudioVersion = 16.0.29519.181
MinimumVisualStudioVersion = 10.0.40219.1
Project("{FAE04EC0-301F-11D3-BF4B-00C04F79EFBC}") = "bazFinanceWPF", "bazFinanceWPF.csproj", "{93A2ACAD-12A3-4BE8-9C05-8D8AAA355FE9}"
EndProject
Global
	GlobalSection(SolutionConfigurationPlatforms) = preSolution
		Debug|Any CPU = Debug|Any CPU
		Release|Any CPU = Release|Any CPU
	EndGlobalSection
	GlobalSection(ProjectConfigurationPlatforms) = postSolution
		{93A2ACAD-12A3-4BE8-9C05-8D8AAA355FE9}.Debug|Any CPU.ActiveCfg = Debug|Any CPU
		{93A2ACAD-12A3-4BE8-9C05-8D8AAA355FE9}.Debug|Any CPU.Build.0 = Debug|Any CPU
		{93A2ACAD-12A3-4BE8-9C05-8D8AAA355FE9}.Release|Any CPU.ActiveCfg = Release|Any CPU
		{93A2ACAD-12A3-4BE8-9C05-8D8AAA355FE9}.Release|Any CPU.Build.0 = Release|Any CPU
	EndGlobalSection
	GlobalSection(SolutionProperties) = preSolution
		HideSolutionNode = FALSE
	EndGlobalSection
	GlobalSection(ExtensibilityGlobals) = postSolution
		SolutionGuid = {769FD960-3D6F-424B-8C7D-92D6A0A29512}
	EndGlobalSection
EndGlobal
